
Microsoft Visual Studio Solution File, Format Version 12.00
# Visual Studio Version 17
VisualStudioVersion = 17.9.34728.123
MinimumVisualStudioVersion = 10.0.40219.1
Project("{FAE04EC0-301F-11D3-BF4B-00C04F79EFBC}") = "DangNhap", "DangNhap\DangNhap.csproj", "{1287A29D-F975-4610-B727-B7C3034671A0}"
EndProject
Global
	GlobalSection(SolutionConfigurationPlatforms) = preSolution
		Debug|Any CPU = Debug|Any CPU
		Release|Any CPU = Release|Any CPU
	EndGlobalSection
	GlobalSection(ProjectConfigurationPlatforms) = postSolution
		{1287A29D-F975-4610-B727-B7C3034671A0}.Debug|Any CPU.ActiveCfg = Debug|Any CPU
		{1287A29D-F975-4610-B727-B7C3034671A0}.Debug|Any CPU.Build.0 = Debug|Any CPU
		{1287A29D-F975-4610-B727-B7C3034671A0}.Release|Any CPU.ActiveCfg = Release|Any CPU
		{1287A29D-F975-4610-B727-B7C3034671A0}.Release|Any CPU.Build.0 = Release|Any CPU
	EndGlobalSection
	GlobalSection(SolutionProperties) = preSolution
		HideSolutionNode = FALSE
	EndGlobalSection
	GlobalSection(ExtensibilityGlobals) = postSolution
		SolutionGuid = {CB18F4A9-C72F-4B7C-92FA-E8003F55E842}
	EndGlobalSection
EndGlobal
